
Microsoft Visual Studio Solution File, Format Version 12.00
# Visual Studio Version 17
VisualStudioVersion = 17.1.31903.286
MinimumVisualStudioVersion = 10.0.40219.1
Project("{9A19103F-16F7-4668-BE54-9A1E7A4F7556}") = "AOEMods.Essence", "AOEMods.Essence\AOEMods.Essence.csproj", "{E0912337-1505-47D2-884B-F4B185C1AA19}"
EndProject
Project("{9A19103F-16F7-4668-BE54-9A1E7A4F7556}") = "AOEMods.Essence.CLI", "AOEMods.Essence.CLI\AOEMods.Essence.CLI.csproj", "{592D3AE8-EA56-4AF3-9F13-89537C432417}"
EndProject
Project("{9A19103F-16F7-4668-BE54-9A1E7A4F7556}") = "AOEMods.Essence.Editor", "AOEMods.Essence.Editor\AOEMods.Essence.Editor.csproj", "{0E9FF540-20F6-4055-BB85-C37396707F9B}"
EndProject
Project("{2150E333-8FDC-42A3-9474-1A3956D46DE8}") = "Solution Items", "Solution Items", "{6F2BABB1-22A8-417B-98A4-B3AD2628FE45}"
	ProjectSection(SolutionItems) = preProject
		.gitignore = .gitignore
		.github\workflows\dotnet.yml = .github\workflows\dotnet.yml
		LICENSE = LICENSE
		README.md = README.md
		.github\workflows\sonarcloud.yml = .github\workflows\sonarcloud.yml
	EndProjectSection
EndProject
Project("{9A19103F-16F7-4668-BE54-9A1E7A4F7556}") = "AOEMods.Essence.CLI.Test", "AOEMods.Essence.CLI.Test\AOEMods.Essence.CLI.Test.csproj", "{9CBE730E-1DE4-4146-A2C4-27467BCF6646}"
EndProject
Project("{9A19103F-16F7-4668-BE54-9A1E7A4F7556}") = "AOEMods.Essence.Test", "AOEMods.Essence.Test\AOEMods.Essence.Test.csproj", "{E6C7A5DD-0D4A-4A07-AFA5-583E62CF742F}"
EndProject
Global
	GlobalSection(SolutionConfigurationPlatforms) = preSolution
		Debug|Any CPU = Debug|Any CPU
		Release|Any CPU = Release|Any CPU
	EndGlobalSection
	GlobalSection(ProjectConfigurationPlatforms) = postSolution
		{E0912337-1505-47D2-884B-F4B185C1AA19}.Debug|Any CPU.ActiveCfg = Debug|Any CPU
		{E0912337-1505-47D2-884B-F4B185C1AA19}.Debug|Any CPU.Build.0 = Debug|Any CPU
		{E0912337-1505-47D2-884B-F4B185C1AA19}.Release|Any CPU.ActiveCfg = Release|Any CPU
		{E0912337-1505-47D2-884B-F4B185C1AA19}.Release|Any CPU.Build.0 = Release|Any CPU
		{592D3AE8-EA56-4AF3-9F13-89537C432417}.Debug|Any CPU.ActiveCfg = Debug|Any CPU
		{592D3AE8-EA56-4AF3-9F13-89537C432417}.Debug|Any CPU.Build.0 = Debug|Any CPU
		{592D3AE8-EA56-4AF3-9F13-89537C432417}.Release|Any CPU.ActiveCfg = Release|Any CPU
		{592D3AE8-EA56-4AF3-9F13-89537C432417}.Release|Any CPU.Build.0 = Release|Any CPU
		{0E9FF540-20F6-4055-BB85-C37396707F9B}.Debug|Any CPU.ActiveCfg = Debug|Any CPU
		{0E9FF540-20F6-4055-BB85-C37396707F9B}.Debug|Any CPU.Build.0 = Debug|Any CPU
		{0E9FF540-20F6-4055-BB85-C37396707F9B}.Release|Any CPU.ActiveCfg = Release|Any CPU
		{0E9FF540-20F6-4055-BB85-C37396707F9B}.Release|Any CPU.Build.0 = Release|Any CPU
		{9CBE730E-1DE4-4146-A2C4-27467BCF6646}.Debug|Any CPU.ActiveCfg = Debug|Any CPU
		{9CBE730E-1DE4-4146-A2C4-27467BCF6646}.Debug|Any CPU.Build.0 = Debug|Any CPU
		{9CBE730E-1DE4-4146-A2C4-27467BCF6646}.Release|Any CPU.ActiveCfg = Release|Any CPU
		{9CBE730E-1DE4-4146-A2C4-27467BCF6646}.Release|Any CPU.Build.0 = Release|Any CPU
		{E6C7A5DD-0D4A-4A07-AFA5-583E62CF742F}.Debug|Any CPU.ActiveCfg = Debug|Any CPU
		{E6C7A5DD-0D4A-4A07-AFA5-583E62CF742F}.Debug|Any CPU.Build.0 = Debug|Any CPU
		{E6C7A5DD-0D4A-4A07-AFA5-583E62CF742F}.Release|Any CPU.ActiveCfg = Release|Any CPU
		{E6C7A5DD-0D4A-4A07-AFA5-583E62CF742F}.Release|Any CPU.Build.0 = Release|Any CPU
	EndGlobalSection
	GlobalSection(SolutionProperties) = preSolution
		HideSolutionNode = FALSE
	EndGlobalSection
	GlobalSection(ExtensibilityGlobals) = postSolution
		SolutionGuid = {9A0B8337-93FD-4DEB-8D60-DCA3DC777692}
	EndGlobalSection
EndGlobal
